
Microsoft Visual Studio Solution File, Format Version 12.00
Project("{2150E333-8FDC-42A3-9474-1A3956D46DE8}") = "Src", "Src", "{4DF2A7D0-E98E-4A1A-AA4E-97DEB4D7C552}"
EndProject
Project("{2150E333-8FDC-42A3-9474-1A3956D46DE8}") = "Tests", "Tests", "{E844D4E9-5B64-46B9-A6FB-EE207C2EDF96}"
EndProject
Project("{2150E333-8FDC-42A3-9474-1A3956D46DE8}") = "Core", "Core", "{B2CF76DA-AE64-402B-BE27-C37A1617D33F}"
EndProject
Project("{2150E333-8FDC-42A3-9474-1A3956D46DE8}") = "Infrastructure", "Infrastructure", "{1E4320B1-65C8-452F-8C4E-E61E967E3A67}"
EndProject
Project("{2150E333-8FDC-42A3-9474-1A3956D46DE8}") = "Presentation", "Presentation", "{D13AB6CA-E12F-425E-B49E-E1935B393B6C}"
EndProject
Project("{FAE04EC0-301F-11D3-BF4B-00C04F79EFBC}") = "Application", "Src\Application\Application.csproj", "{053DBDC9-F0DF-443F-9FD2-909D0DE3A6F1}"
EndProject
Project("{FAE04EC0-301F-11D3-BF4B-00C04F79EFBC}") = "Common", "Src\Common\Common.csproj", "{8423F819-FB5C-4969-A7D0-7AA0C377E6F9}"
EndProject
Project("{FAE04EC0-301F-11D3-BF4B-00C04F79EFBC}") = "Domain", "Src\Domain\Domain.csproj", "{F2FDB9D8-4C57-48D3-97A8-0D9F1AACD6E4}"
EndProject
Project("{FAE04EC0-301F-11D3-BF4B-00C04F79EFBC}") = "Infrastructure", "Src\Infrastructure\Infrastructure.csproj", "{91BF9B19-9252-4FAF-BD2D-CB215C0E70AE}"
EndProject
Project("{FAE04EC0-301F-11D3-BF4B-00C04F79EFBC}") = "Api", "Src\Api\Api.csproj", "{2BE35B02-21F4-4B2E-8FB5-00A2FEBD36D7}"
EndProject
Project("{FAE04EC0-301F-11D3-BF4B-00C04F79EFBC}") = "Persistence", "Src\Persistence\Persistence.csproj", "{94C8195D-836D-4B72-AE0A-7B53FBB38F8A}"
EndProject
Global
	GlobalSection(SolutionConfigurationPlatforms) = preSolution
		Debug|Any CPU = Debug|Any CPU
		Release|Any CPU = Release|Any CPU
	EndGlobalSection
	GlobalSection(NestedProjects) = preSolution
		{B2CF76DA-AE64-402B-BE27-C37A1617D33F} = {4DF2A7D0-E98E-4A1A-AA4E-97DEB4D7C552}
		{1E4320B1-65C8-452F-8C4E-E61E967E3A67} = {4DF2A7D0-E98E-4A1A-AA4E-97DEB4D7C552}
		{D13AB6CA-E12F-425E-B49E-E1935B393B6C} = {4DF2A7D0-E98E-4A1A-AA4E-97DEB4D7C552}
		{053DBDC9-F0DF-443F-9FD2-909D0DE3A6F1} = {B2CF76DA-AE64-402B-BE27-C37A1617D33F}
		{8423F819-FB5C-4969-A7D0-7AA0C377E6F9} = {B2CF76DA-AE64-402B-BE27-C37A1617D33F}
		{F2FDB9D8-4C57-48D3-97A8-0D9F1AACD6E4} = {B2CF76DA-AE64-402B-BE27-C37A1617D33F}
		{91BF9B19-9252-4FAF-BD2D-CB215C0E70AE} = {1E4320B1-65C8-452F-8C4E-E61E967E3A67}
		{2BE35B02-21F4-4B2E-8FB5-00A2FEBD36D7} = {D13AB6CA-E12F-425E-B49E-E1935B393B6C}
		{94C8195D-836D-4B72-AE0A-7B53FBB38F8A} = {1E4320B1-65C8-452F-8C4E-E61E967E3A67}
	EndGlobalSection
	GlobalSection(ProjectConfigurationPlatforms) = postSolution
		{053DBDC9-F0DF-443F-9FD2-909D0DE3A6F1}.Debug|Any CPU.ActiveCfg = Debug|Any CPU
		{053DBDC9-F0DF-443F-9FD2-909D0DE3A6F1}.Debug|Any CPU.Build.0 = Debug|Any CPU
		{053DBDC9-F0DF-443F-9FD2-909D0DE3A6F1}.Release|Any CPU.ActiveCfg = Release|Any CPU
		{053DBDC9-F0DF-443F-9FD2-909D0DE3A6F1}.Release|Any CPU.Build.0 = Release|Any CPU
		{8423F819-FB5C-4969-A7D0-7AA0C377E6F9}.Debug|Any CPU.ActiveCfg = Debug|Any CPU
		{8423F819-FB5C-4969-A7D0-7AA0C377E6F9}.Debug|Any CPU.Build.0 = Debug|Any CPU
		{8423F819-FB5C-4969-A7D0-7AA0C377E6F9}.Release|Any CPU.ActiveCfg = Release|Any CPU
		{8423F819-FB5C-4969-A7D0-7AA0C377E6F9}.Release|Any CPU.Build.0 = Release|Any CPU
		{F2FDB9D8-4C57-48D3-97A8-0D9F1AACD6E4}.Debug|Any CPU.ActiveCfg = Debug|Any CPU
		{F2FDB9D8-4C57-48D3-97A8-0D9F1AACD6E4}.Debug|Any CPU.Build.0 = Debug|Any CPU
		{F2FDB9D8-4C57-48D3-97A8-0D9F1AACD6E4}.Release|Any CPU.ActiveCfg = Release|Any CPU
		{F2FDB9D8-4C57-48D3-97A8-0D9F1AACD6E4}.Release|Any CPU.Build.0 = Release|Any CPU
		{91BF9B19-9252-4FAF-BD2D-CB215C0E70AE}.Debug|Any CPU.ActiveCfg = Debug|Any CPU
		{91BF9B19-9252-4FAF-BD2D-CB215C0E70AE}.Debug|Any CPU.Build.0 = Debug|Any CPU
		{91BF9B19-9252-4FAF-BD2D-CB215C0E70AE}.Release|Any CPU.ActiveCfg = Release|Any CPU
		{91BF9B19-9252-4FAF-BD2D-CB215C0E70AE}.Release|Any CPU.Build.0 = Release|Any CPU
		{2BE35B02-21F4-4B2E-8FB5-00A2FEBD36D7}.Debug|Any CPU.ActiveCfg = Debug|Any CPU
		{2BE35B02-21F4-4B2E-8FB5-00A2FEBD36D7}.Debug|Any CPU.Build.0 = Debug|Any CPU
		{2BE35B02-21F4-4B2E-8FB5-00A2FEBD36D7}.Release|Any CPU.ActiveCfg = Release|Any CPU
		{2BE35B02-21F4-4B2E-8FB5-00A2FEBD36D7}.Release|Any CPU.Build.0 = Release|Any CPU
		{94C8195D-836D-4B72-AE0A-7B53FBB38F8A}.Debug|Any CPU.ActiveCfg = Debug|Any CPU
		{94C8195D-836D-4B72-AE0A-7B53FBB38F8A}.Debug|Any CPU.Build.0 = Debug|Any CPU
		{94C8195D-836D-4B72-AE0A-7B53FBB38F8A}.Release|Any CPU.ActiveCfg = Release|Any CPU
		{94C8195D-836D-4B72-AE0A-7B53FBB38F8A}.Release|Any CPU.Build.0 = Release|Any CPU
	EndGlobalSection
EndGlobal
